github.com/go-ole/go-ole v1.2.4 h1:nNBDSCOigTSiarFpYE9J/KtEA1IOW4CNeqT9TQDqCxI=
github.com/go-ole/go-ole v1.2.4/go.mod h1:XCwSNxSkXRo4vlyPy93sltvi/qJq0jqQhjqQNIwKuxM=
github.com/google/uuid v1.1.1 h1:Gkbcsh/GbpXz7lPftLA3P6TYMwjCLYm83jiFQZF/3gY=
github.com/google/uuid v1.1.1/go.mod h1:TIyPZe4MgqvfeYDBFedMoGGpEw/LqOeaOT+nhxU+yHo=
github.com/harry1453/go-common-file-dialog v1.2.0 h1:nGr9ZIpXrKb7IUY9Or6jqt4nuPEd/I+5sH1JPMsKhaM=
github.com/harry1453/go-common-file-dialog v1.2.0/go.mod h1:3zwmbo7fy+uYGyaec74mu+Z9DPg0aEt10fSjjPwfyiY=
github.com/karmdip-mi/go-fitz v0.0.0-20210702102225-a530a79566e9 h1:w2zV18MDGv67JnuHgNQk7CG6ipj9HEBtuZGwy6TrJEE=
github.com/karmdip-mi/go-fitz v0.0.0-20210702102225-a530a79566e9/go.mod h1:2aHtXmu2gpljEpoBoFMFr+C5GpdHIT8aI1l1UcyvEP4=
github.com/nfnt/resize v0.0.0-20180221191011-83c6a9932646 h1:zYyBkD/k9seD2A7fsi6Oo2LfFZAehjjQMERAvZLEDnQ=
github.com/nfnt/resize v0.0.0-20180221191011-83c6a9932646/go.mod h1:jpp1/29i3P1S/RLdc7JQKbRpFeM1dOBd8T9ki5s+AY8=
github.com/phpdave11/gofpdi v1.0.11/go.mod h1:vBmVV0Do6hSBHC8uKUQ71JGW+ZGQq74llk/7bXwjDoI=
github.com/phpdave11/gofpdi v1.0.13 h1:o61duiW8M9sMlkVXWlvP92sZJtGKENvW3VExs6dZukQ=
github.com/phpdave11/gofpdi v1.0.13/go.mod h1:vBmVV0Do6hSBHC8uKUQ71JGW+ZGQq74llk/7bXwjDoI=
github.com/pkg/errors v0.8.1/go.mod h1:bwawxfHBFNV+L2hUp1rHADufV3IMtnDRdf1r5NINEl0=
github.com/pkg/errors v0.9.1 h1:FEBLx1zS214owpjy7qsBeixbURkuhQAwrK5UwLGTwt4=
github.com/pkg/errors v0.9.1/go.mod h1:bwawxfHBFNV+L2hUp1rHADufV3IMtnDRdf1r5NINEl0=
github.com/signintech/gopdf v0.15.0 h1:oZ3dJYUjGvZ/nOaXRFRZBbHVLH5IvjAliHFZVMiy7ZM=
github.com/signintech/gopdf v0.15.0/go.mod h1:a+E8HlIuBwghPyoo7UaoB5UaL7zklDzmYVIAHoW/Rlw=
